
Microsoft Visual Studio Solution File, Format Version 12.00
# Visual Studio 14
VisualStudioVersion = 14.0.25420.1
MinimumVisualStudioVersion = 10.0.40219.1
Project("{2150E333-8FDC-42A3-9474-1A3956D46DE8}") = "src", "src", "{0C5ABC39-B8D0-4744-A094-3BABA811AADC}"
EndProject
Project("{2150E333-8FDC-42A3-9474-1A3956D46DE8}") = "Solution Items", "Solution Items", "{5EF1DC42-7739-4CB0-B4F0-47D67696E81C}"
	ProjectSection(SolutionItems) = preProject
		global.json = global.json
	EndProjectSection
EndProject
Project("{8BB2217D-0F2D-49D1-97BC-3654ED321F3B}") = "AvaNet", "src\AvaNet\AvaNet.xproj", "{AF8A5B59-6C29-40F7-904D-627C2A8FEB76}"
EndProject
Global
	GlobalSection(SolutionConfigurationPlatforms) = preSolution
		Debug|Any CPU = Debug|Any CPU
		Release|Any CPU = Release|Any CPU
	EndGlobalSection
	GlobalSection(ProjectConfigurationPlatforms) = postSolution
		{AF8A5B59-6C29-40F7-904D-627C2A8FEB76}.Debug|Any CPU.ActiveCfg = Debug|Any CPU
		{AF8A5B59-6C29-40F7-904D-627C2A8FEB76}.Debug|Any CPU.Build.0 = Debug|Any CPU
		{AF8A5B59-6C29-40F7-904D-627C2A8FEB76}.Release|Any CPU.ActiveCfg = Release|Any CPU
		{AF8A5B59-6C29-40F7-904D-627C2A8FEB76}.Release|Any CPU.Build.0 = Release|Any CPU
	EndGlobalSection
	GlobalSection(SolutionProperties) = preSolution
		HideSolutionNode = FALSE
	EndGlobalSection
	GlobalSection(NestedProjects) = preSolution
		{AF8A5B59-6C29-40F7-904D-627C2A8FEB76} = {0C5ABC39-B8D0-4744-A094-3BABA811AADC}
	EndGlobalSection
EndGlobal
